
Microsoft Visual Studio Solution File, Format Version 12.00
# Visual Studio Version 16
VisualStudioVersion = 16.0.30611.23
MinimumVisualStudioVersion = 10.0.40219.1
Project("{FAE04EC0-301F-11D3-BF4B-00C04F79EFBC}") = "Paul_Lilian_TP2_ST2TRD", "Paul_Lilian_TP2_ST2TRD\Paul_Lilian_TP2_ST2TRD.csproj", "{D1F1DC66-88EB-40E9-80C7-F74F93BE3AA1}"
EndProject
Global
	GlobalSection(SolutionConfigurationPlatforms) = preSolution
		Debug|Any CPU = Debug|Any CPU
		Release|Any CPU = Release|Any CPU
	EndGlobalSection
	GlobalSection(ProjectConfigurationPlatforms) = postSolution
		{D1F1DC66-88EB-40E9-80C7-F74F93BE3AA1}.Debug|Any CPU.ActiveCfg = Debug|Any CPU
		{D1F1DC66-88EB-40E9-80C7-F74F93BE3AA1}.Debug|Any CPU.Build.0 = Debug|Any CPU
		{D1F1DC66-88EB-40E9-80C7-F74F93BE3AA1}.Release|Any CPU.ActiveCfg = Release|Any CPU
		{D1F1DC66-88EB-40E9-80C7-F74F93BE3AA1}.Release|Any CPU.Build.0 = Release|Any CPU
	EndGlobalSection
	GlobalSection(SolutionProperties) = preSolution
		HideSolutionNode = FALSE
	EndGlobalSection
	GlobalSection(ExtensibilityGlobals) = postSolution
		SolutionGuid = {31A3FE1F-06B8-47CF-92C4-0F1338FF979A}
	EndGlobalSection
EndGlobal
